
Microsoft Visual Studio Solution File, Format Version 12.00
# Visual Studio 15
VisualStudioVersion = 15.0.28307.489
MinimumVisualStudioVersion = 10.0.40219.1
Project("{FAE04EC0-301F-11D3-BF4B-00C04F79EFBC}") = "MacroConsole", "MacroConsole\MacroConsole.csproj", "{348D55C5-F3C4-474B-8A39-6436A71B9EB8}"
EndProject
Global
	GlobalSection(SolutionConfigurationPlatforms) = preSolution
		Debug|Any CPU = Debug|Any CPU
		Release|Any CPU = Release|Any CPU
	EndGlobalSection
	GlobalSection(ProjectConfigurationPlatforms) = postSolution
		{348D55C5-F3C4-474B-8A39-6436A71B9EB8}.Debug|Any CPU.ActiveCfg = Debug|Any CPU
		{348D55C5-F3C4-474B-8A39-6436A71B9EB8}.Debug|Any CPU.Build.0 = Debug|Any CPU
		{348D55C5-F3C4-474B-8A39-6436A71B9EB8}.Release|Any CPU.ActiveCfg = Release|Any CPU
		{348D55C5-F3C4-474B-8A39-6436A71B9EB8}.Release|Any CPU.Build.0 = Release|Any CPU
	EndGlobalSection
	GlobalSection(SolutionProperties) = preSolution
		HideSolutionNode = FALSE
	EndGlobalSection
	GlobalSection(ExtensibilityGlobals) = postSolution
		SolutionGuid = {57D97301-0048-4D42-AACF-4BB752B2E7D0}
	EndGlobalSection
EndGlobal
